{
  "name": "@reelkit/cdn-guard",
  "version": "0.0.0",
  "lockfileVersion": 3,
  "requires": true,
  "packages": {
    "": {
      "name": "@reelkit/cdn-guard",
      "version": "0.0.0",
      "devDependencies": {
        "@cloudflare/workers-types": "^4.20260403.1"
      }
    },
    "node_modules/@cloudflare/workers-types": {
      "version": "4.20260403.1",
      "resolved": "https://registry.npmjs.org/@cloudflare/workers-types/-/workers-types-4.20260403.1.tgz",
      "integrity": "sha512-p6oSNt3yUwcxSoXZ7qCog7+kgQbkSx1Beoci7TMb/xbRF05VR0cO/p1XUE2SLHZ7IgSIc3tNMpFKa0L0fa3Lzg==",
      "dev": true,
      "license": "MIT OR Apache-2.0"
    }
  }
}
